
Microsoft Visual Studio Solution File, Format Version 12.00
# Visual Studio Version 16
VisualStudioVersion = 16.0.30709.132
MinimumVisualStudioVersion = 10.0.40219.1
Project("{FAE04EC0-301F-11D3-BF4B-00C04F79EFBC}") = "SmartAccess.Api", "SmartAccess.Api\SmartAccess.Api.csproj", "{92BB54DE-3026-42B3-A8D8-A64ACE2E2C32}"
EndProject
Global
	GlobalSection(SolutionConfigurationPlatforms) = preSolution
		Debug|Any CPU = Debug|Any CPU
		Release|Any CPU = Release|Any CPU
	EndGlobalSection
	GlobalSection(ProjectConfigurationPlatforms) = postSolution
		{92BB54DE-3026-42B3-A8D8-A64ACE2E2C32}.Debug|Any CPU.ActiveCfg = Debug|Any CPU
		{92BB54DE-3026-42B3-A8D8-A64ACE2E2C32}.Debug|Any CPU.Build.0 = Debug|Any CPU
		{92BB54DE-3026-42B3-A8D8-A64ACE2E2C32}.Release|Any CPU.ActiveCfg = Release|Any CPU
		{92BB54DE-3026-42B3-A8D8-A64ACE2E2C32}.Release|Any CPU.Build.0 = Release|Any CPU
	EndGlobalSection
	GlobalSection(SolutionProperties) = preSolution
		HideSolutionNode = FALSE
	EndGlobalSection
	GlobalSection(ExtensibilityGlobals) = postSolution
		SolutionGuid = {1B414326-C3C5-4312-8342-F1FA9E60EA91}
	EndGlobalSection
EndGlobal
