
Microsoft Visual Studio Solution File, Format Version 12.00
# Visual Studio Version 16
VisualStudioVersion = 16.0.30804.86
MinimumVisualStudioVersion = 10.0.40219.1
Project("{FAE04EC0-301F-11D3-BF4B-00C04F79EFBC}") = "SmartAccess.Droid", "SmartAccess.Droid\SmartAccess.Droid\SmartAccess.Droid.csproj", "{A96F78A2-98BE-43E1-BA1F-80163278ECCD}"
EndProject
Project("{FAE04EC0-301F-11D3-BF4B-00C04F79EFBC}") = "SmartAccess.Droid.Android", "SmartAccess.Droid\SmartAccess.Droid.Android\SmartAccess.Droid.Android.csproj", "{20C5298D-D8B3-4E70-92B8-DC9EE6A41D59}"
EndProject
Global
	GlobalSection(SolutionConfigurationPlatforms) = preSolution
		Debug|Any CPU = Debug|Any CPU
		Release|Any CPU = Release|Any CPU
	EndGlobalSection
	GlobalSection(ProjectConfigurationPlatforms) = postSolution
		{A96F78A2-98BE-43E1-BA1F-80163278ECCD}.Debug|Any CPU.ActiveCfg = Debug|Any CPU
		{A96F78A2-98BE-43E1-BA1F-80163278ECCD}.Debug|Any CPU.Build.0 = Debug|Any CPU
		{A96F78A2-98BE-43E1-BA1F-80163278ECCD}.Release|Any CPU.ActiveCfg = Release|Any CPU
		{A96F78A2-98BE-43E1-BA1F-80163278ECCD}.Release|Any CPU.Build.0 = Release|Any CPU
		{20C5298D-D8B3-4E70-92B8-DC9EE6A41D59}.Debug|Any CPU.ActiveCfg = Debug|Any CPU
		{20C5298D-D8B3-4E70-92B8-DC9EE6A41D59}.Debug|Any CPU.Build.0 = Debug|Any CPU
		{20C5298D-D8B3-4E70-92B8-DC9EE6A41D59}.Debug|Any CPU.Deploy.0 = Debug|Any CPU
		{20C5298D-D8B3-4E70-92B8-DC9EE6A41D59}.Release|Any CPU.ActiveCfg = Release|Any CPU
		{20C5298D-D8B3-4E70-92B8-DC9EE6A41D59}.Release|Any CPU.Build.0 = Release|Any CPU
		{20C5298D-D8B3-4E70-92B8-DC9EE6A41D59}.Release|Any CPU.Deploy.0 = Release|Any CPU
	EndGlobalSection
	GlobalSection(SolutionProperties) = preSolution
		HideSolutionNode = FALSE
	EndGlobalSection
	GlobalSection(ExtensibilityGlobals) = postSolution
		SolutionGuid = {037A5B53-6A45-458C-B37A-D65FDEB383C7}
	EndGlobalSection
EndGlobal
